<?xml version="1.0" encoding="utf-8"?>
<Project ToolsVersion="4.0" xmlns="http://schemas.microsoft.com/developer/msbuild/2003">
  <ItemGroup>
    <Filter Include="include">
      <UniqueIdentifier>{93995380-89BD-4b04-88EB-625FBE52EBFB}</UniqueIdentifier>
      <Extensions>h;hh;hpp;hxx;h++;hm;inl;inc;ipp;xsd</Extensions>
    </Filter>
    <Filter Include="src">
      <UniqueIdentifier>{4FC737F1-C7A5-4376-A066-2A32D752A2FF}</UniqueIdentifier>
      <Extensions>cpp;c;cc;cxx;c++;cppm;ixx;def;odl;idl;hpj;bat;asm;asmx</Extensions>
    </Filter>
    <Filter Include="include\Core">
      <UniqueIdentifier>{f18bfd5c-74c7-4a5b-9920-6eb3ec046bef}</UniqueIdentifier>
    </Filter>
    <Filter Include="src\Core">
      <UniqueIdentifier>{40f498be-56c4-489e-bdd7-3030106c7e62}</UniqueIdentifier>
    </Filter>
    <Filter Include="include\Gui">
      <UniqueIdentifier>{87c720e3-5e7e-4535-b7e0-a8783cf72fc4}</UniqueIdentifier>
    </Filter>
    <Filter Include="src\Gui">
      <UniqueIdentifier>{9ac1bb46-e31c-4b5f-a48c-83cf6297155b}</UniqueIdentifier>
    </Filter>
  </ItemGroup>
  <ItemGroup>
    <None Include="README.md" />
  </ItemGroup>
  <ItemGroup>
    <ClInclude Include="include\rad\Core\Common.h">
      <Filter>include\Core</Filter>
    </ClInclude>
    <ClInclude Include="include\rad\Core\String.h">
      <Filter>include\Core</Filter>
    </ClInclude>
    <ClInclude Include="include\rad\Core\File.h">
      <Filter>include\Core</Filter>
    </ClInclude>
    <ClInclude Include="include\rad\Core\SmallVector.h">
      <Filter>include\Core</Filter>
    </ClInclude>
    <ClInclude Include="include\rad\Core\Span.h">
      <Filter>include\Core</Filter>
    </ClInclude>
    <ClInclude Include="include\rad\Core\Containers.h">
      <Filter>include\Core</Filter>
    </ClInclude>
    <ClInclude Include="include\rad\Core\Memory.h">
      <Filter>include\Core</Filter>
    </ClInclude>
    <ClInclude Include="include\rad\Core\Logging.h">
      <Filter>include\Core</Filter>
    </ClInclude>
    <ClInclude Include="include\rad\Core\JsonDoc.h">
      <Filter>include\Core</Filter>
    </ClInclude>
    <ClInclude Include="include\rad\Gui\Application.h">
      <Filter>include\Gui</Filter>
    </ClInclude>
    <ClInclude Include="include\rad\Gui\Window.h">
      <Filter>include\Gui</Filter>
    </ClInclude>
    <ClInclude Include="include\rad\Core\Exception.h">
      <Filter>include\Core</Filter>
    </ClInclude>
    <ClInclude Include="include\rad\Core\Math.h">
      <Filter>include\Core</Filter>
    </ClInclude>
    <ClInclude Include="include\rad\Core\Thread.h">
      <Filter>include\Core</Filter>
    </ClInclude>
    <ClInclude Include="include\rad\Core\AtomicFloat.h">
      <Filter>include\Core</Filter>
    </ClInclude>
    <ClInclude Include="include\rad\Core\Geometry.h">
      <Filter>include\Core</Filter>
    </ClInclude>
  </ItemGroup>
  <ItemGroup>
    <ClCompile Include="src\Core\Common.cpp">
      <Filter>src\Core</Filter>
    </ClCompile>
    <ClCompile Include="src\Core\String.cpp">
      <Filter>src\Core</Filter>
    </ClCompile>
    <ClCompile Include="src\Core\File.cpp">
      <Filter>src\Core</Filter>
    </ClCompile>
    <ClCompile Include="src\Core\Logging.cpp">
      <Filter>src\Core</Filter>
    </ClCompile>
    <ClCompile Include="src\Core\JsonDoc.cpp">
      <Filter>src\Core</Filter>
    </ClCompile>
    <ClCompile Include="src\Gui\Application.cpp">
      <Filter>src\Gui</Filter>
    </ClCompile>
    <ClCompile Include="src\Gui\Window.cpp">
      <Filter>src\Gui</Filter>
    </ClCompile>
    <ClCompile Include="src\Core\Math.cpp">
      <Filter>src\Core</Filter>
    </ClCompile>
    <ClCompile Include="src\Core\Thread.cpp">
      <Filter>src\Core</Filter>
    </ClCompile>
    <ClCompile Include="src\Core\Geometry.cpp">
      <Filter>src\Core</Filter>
    </ClCompile>
  </ItemGroup>
</Project>