
Microsoft Visual Studio Solution File, Format Version 12.00
# Visual Studio Version 17
VisualStudioVersion = 17.4.33122.133
MinimumVisualStudioVersion = 10.0.40219.1
Project("{8BC9CEB8-8B4A-11D0-8D11-00A0C91BC942}") = "radcpp", "radcpp.vcxproj", "{48B1B53C-2CAB-4484-AD7A-55C36DD023C3}"
EndProject
Project("{8BC9CEB8-8B4A-11D0-8D11-00A0C91BC942}") = "HelloWorld", "samples\HelloWorld\HelloWorld.vcxproj", "{792A70AD-A23D-4413-AA8B-B3CEAE146C1B}"
	ProjectSection(ProjectDependencies) = postProject
		{48B1B53C-2CAB-4484-AD7A-55C36DD023C3} = {48B1B53C-2CAB-4484-AD7A-55C36DD023C3}
	EndProjectSection
EndProject
Project("{2150E333-8FDC-42A3-9474-1A3956D46DE8}") = "samples", "samples", "{B9F12520-0733-4CD6-BC4C-94984443CCBA}"
EndProject
Project("{8BC9CEB8-8B4A-11D0-8D11-00A0C91BC942}") = "VulkanEngine", "samples\VulkanEngine\VulkanEngine.vcxproj", "{27745A3E-08A9-4B1D-A8A8-08F919541F99}"
	ProjectSection(ProjectDependencies) = postProject
		{48B1B53C-2CAB-4484-AD7A-55C36DD023C3} = {48B1B53C-2CAB-4484-AD7A-55C36DD023C3}
	EndProjectSection
EndProject
Global
	GlobalSection(SolutionConfigurationPlatforms) = preSolution
		Debug|x64 = Debug|x64
		Debug|x86 = Debug|x86
		Release|x64 = Release|x64
		Release|x86 = Release|x86
	EndGlobalSection
	GlobalSection(ProjectConfigurationPlatforms) = postSolution
		{48B1B53C-2CAB-4484-AD7A-55C36DD023C3}.Debug|x64.ActiveCfg = Debug|x64
		{48B1B53C-2CAB-4484-AD7A-55C36DD023C3}.Debug|x64.Build.0 = Debug|x64
		{48B1B53C-2CAB-4484-AD7A-55C36DD023C3}.Debug|x86.ActiveCfg = Debug|Win32
		{48B1B53C-2CAB-4484-AD7A-55C36DD023C3}.Debug|x86.Build.0 = Debug|Win32
		{48B1B53C-2CAB-4484-AD7A-55C36DD023C3}.Release|x64.ActiveCfg = Release|x64
		{48B1B53C-2CAB-4484-AD7A-55C36DD023C3}.Release|x64.Build.0 = Release|x64
		{48B1B53C-2CAB-4484-AD7A-55C36DD023C3}.Release|x86.ActiveCfg = Release|Win32
		{48B1B53C-2CAB-4484-AD7A-55C36DD023C3}.Release|x86.Build.0 = Release|Win32
		{792A70AD-A23D-4413-AA8B-B3CEAE146C1B}.Debug|x64.ActiveCfg = Debug|x64
		{792A70AD-A23D-4413-AA8B-B3CEAE146C1B}.Debug|x64.Build.0 = Debug|x64
		{792A70AD-A23D-4413-AA8B-B3CEAE146C1B}.Debug|x86.ActiveCfg = Debug|Win32
		{792A70AD-A23D-4413-AA8B-B3CEAE146C1B}.Debug|x86.Build.0 = Debug|Win32
		{792A70AD-A23D-4413-AA8B-B3CEAE146C1B}.Release|x64.ActiveCfg = Release|x64
		{792A70AD-A23D-4413-AA8B-B3CEAE146C1B}.Release|x64.Build.0 = Release|x64
		{792A70AD-A23D-4413-AA8B-B3CEAE146C1B}.Release|x86.ActiveCfg = Release|Win32
		{792A70AD-A23D-4413-AA8B-B3CEAE146C1B}.Release|x86.Build.0 = Release|Win32
		{27745A3E-08A9-4B1D-A8A8-08F919541F99}.Debug|x64.ActiveCfg = Debug|x64
		{27745A3E-08A9-4B1D-A8A8-08F919541F99}.Debug|x64.Build.0 = Debug|x64
		{27745A3E-08A9-4B1D-A8A8-08F919541F99}.Debug|x86.ActiveCfg = Debug|Win32
		{27745A3E-08A9-4B1D-A8A8-08F919541F99}.Debug|x86.Build.0 = Debug|Win32
		{27745A3E-08A9-4B1D-A8A8-08F919541F99}.Release|x64.ActiveCfg = Release|x64
		{27745A3E-08A9-4B1D-A8A8-08F919541F99}.Release|x64.Build.0 = Release|x64
		{27745A3E-08A9-4B1D-A8A8-08F919541F99}.Release|x86.ActiveCfg = Release|Win32
		{27745A3E-08A9-4B1D-A8A8-08F919541F99}.Release|x86.Build.0 = Release|Win32
	EndGlobalSection
	GlobalSection(SolutionProperties) = preSolution
		HideSolutionNode = FALSE
	EndGlobalSection
	GlobalSection(NestedProjects) = preSolution
		{792A70AD-A23D-4413-AA8B-B3CEAE146C1B} = {B9F12520-0733-4CD6-BC4C-94984443CCBA}
		{27745A3E-08A9-4B1D-A8A8-08F919541F99} = {B9F12520-0733-4CD6-BC4C-94984443CCBA}
	EndGlobalSection
	GlobalSection(ExtensibilityGlobals) = postSolution
		SolutionGuid = {DD634611-9D75-4E27-BDF4-C09C167B5E2B}
	EndGlobalSection
EndGlobal
